// !$*UTF8*$!
{
	archiveVersion = 1;
	classes = {
	};
	objectVersion = 50;
	objects = {

/* Begin PBXBuildFile section */
		4542056B21718462009B69FA /* AppDelegate.swift in Sources */ = {isa = PBXBuildFile; fileRef = 4542056A21718462009B69FA /* AppDelegate.swift */; };
		4542057021718462009B69FA /* Main.storyboard in Resources */ = {isa = PBXBuildFile; fileRef = 4542056E21718462009B69FA /* Main.storyboard */; };
		4542057321718462009B69FA /* MHacks_StockX.xcdatamodeld in Sources */ = {isa = PBXBuildFile; fileRef = 4542057121718462009B69FA /* MHacks_StockX.xcdatamodeld */; };
		4542057521718465009B69FA /* Assets.xcassets in Resources */ = {isa = PBXBuildFile; fileRef = 4542057421718465009B69FA /* Assets.xcassets */; };
		4542057821718465009B69FA /* LaunchScreen.storyboard in Resources */ = {isa = PBXBuildFile; fileRef = 4542057621718465009B69FA /* LaunchScreen.storyboard */; };
		4542058321718465009B69FA /* MHacks_StockXTests.swift in Sources */ = {isa = PBXBuildFile; fileRef = 4542058221718465009B69FA /* MHacks_StockXTests.swift */; };
		4542058E21718465009B69FA /* MHacks_StockXUITests.swift in Sources */ = {isa = PBXBuildFile; fileRef = 4542058D21718465009B69FA /* MHacks_StockXUITests.swift */; };
		64434B87FC9CA3803352F3BF /* Pods_MHacks_StockX.framework in Frameworks */ = {isa = PBXBuildFile; fileRef = 2FAA4EC0CD1A265AE8234EE4 /* Pods_MHacks_StockX.framework */; };
		9E6A9CE1BA65C78946990885 /* Pods_MHacks_StockXUITests.framework in Frameworks */ = {isa = PBXBuildFile; fileRef = 924AEA8F9E677412DA8544E2 /* Pods_MHacks_StockXUITests.framework */; };
		9FBCBF071130CB4BD8FFE264 /* Pods_MHacks_StockXTests.framework in Frameworks */ = {isa = PBXBuildFile; fileRef = FA81B6DD8B2C3292EDDD4F99 /* Pods_MHacks_StockXTests.framework */; };
		C702AD922172B41900A6A2A1 /* GoogleService-Info.plist in Resources */ = {isa = PBXBuildFile; fileRef = C702AD912172B41900A6A2A1 /* GoogleService-Info.plist */; };
		D57E7BEA2171B4ED0044BC65 /* DataService.swift in Sources */ = {isa = PBXBuildFile; fileRef = D57E7BE92171B4ED0044BC65 /* DataService.swift */; };
		D57E7BEC2171BE4A0044BC65 /* CategoryVC.swift in Sources */ = {isa = PBXBuildFile; fileRef = D57E7BEB2171BE4A0044BC65 /* CategoryVC.swift */; };
		D57E7BEE2171BF1F0044BC65 /* CatVCCollectionCell.swift in Sources */ = {isa = PBXBuildFile; fileRef = D57E7BED2171BF1F0044BC65 /* CatVCCollectionCell.swift */; };
		D57E7BF02171C0900044BC65 /* Product.swift in Sources */ = {isa = PBXBuildFile; fileRef = D57E7BEF2171C0900044BC65 /* Product.swift */; };
		D57E7BF2217238270044BC65 /* AuctionVC.swift in Sources */ = {isa = PBXBuildFile; fileRef = D57E7BF1217238270044BC65 /* AuctionVC.swift */; };
		D57E7BF621724CC90044BC65 /* CircularProgressBar.swift in Sources */ = {isa = PBXBuildFile; fileRef = D57E7BF521724CC90044BC65 /* CircularProgressBar.swift */; };
		D57E7BF8217256460044BC65 /* Config.swift in Sources */ = {isa = PBXBuildFile; fileRef = D57E7BF7217256460044BC65 /* Config.swift */; };
		D57E7BFE21728BBC0044BC65 /* SignInandSignUpViewController.swift in Sources */ = {isa = PBXBuildFile; fileRef = D57E7BFD21728BBC0044BC65 /* SignInandSignUpViewController.swift */; };

		D57E7C022172B3D40044BC65 /* GoogleService-Info.plist in Resources */ = {isa = PBXBuildFile; fileRef = D57E7C012172B3D40044BC65 /* GoogleService-Info.plist */; };

/* End PBXBuildFile section */

/* Begin PBXContainerItemProxy section */
		4542057F21718465009B69FA /* PBXContainerItemProxy */ = {
			isa = PBXContainerItemProxy;
			containerPortal = 4542055F21718462009B69FA /* Project object */;
			proxyType = 1;
			remoteGlobalIDString = 4542056621718462009B69FA;
			remoteInfo = "MHacks StockX";
		};
		4542058A21718465009B69FA /* PBXContainerItemProxy */ = {
			isa = PBXContainerItemProxy;
			containerPortal = 4542055F21718462009B69FA /* Project object */;
			proxyType = 1;
			remoteGlobalIDString = 4542056621718462009B69FA;
			remoteInfo = "MHacks StockX";
		};
/* End PBXContainerItemProxy section */

/* Begin PBXFileReference section */
		2FAA4EC0CD1A265AE8234EE4 /* Pods_MHacks_StockX.framework */ = {isa = PBXFileReference; explicitFileType = wrapper.framework; includeInIndex = 0; path = Pods_MHacks_StockX.framework; sourceTree = BUILT_PRODUCTS_DIR; };
		4542056721718462009B69FA /* MHacks StockX.app */ = {isa = PBXFileReference; explicitFileType = wrapper.application; includeInIndex = 0; path = "MHacks StockX.app"; sourceTree = BUILT_PRODUCTS_DIR; };
		4542056A21718462009B69FA /* AppDelegate.swift */ = {isa = PBXFileReference; lastKnownFileType = sourcecode.swift; path = AppDelegate.swift; sourceTree = "<group>"; };
		4542056F21718462009B69FA /* Base */ = {isa = PBXFileReference; lastKnownFileType = file.storyboard; name = Base; path = Base.lproj/Main.storyboard; sourceTree = "<group>"; };
		4542057221718462009B69FA /* MHacks_StockX.xcdatamodel */ = {isa = PBXFileReference; lastKnownFileType = wrapper.xcdatamodel; path = MHacks_StockX.xcdatamodel; sourceTree = "<group>"; };
		4542057421718465009B69FA /* Assets.xcassets */ = {isa = PBXFileReference; lastKnownFileType = folder.assetcatalog; path = Assets.xcassets; sourceTree = "<group>"; };
		4542057721718465009B69FA /* Base */ = {isa = PBXFileReference; lastKnownFileType = file.storyboard; name = Base; path = Base.lproj/LaunchScreen.storyboard; sourceTree = "<group>"; };
		4542057921718465009B69FA /* Info.plist */ = {isa = PBXFileReference; lastKnownFileType = text.plist.xml; path = Info.plist; sourceTree = "<group>"; };
		4542057E21718465009B69FA /* MHacks StockXTests.xctest */ = {isa = PBXFileReference; explicitFileType = wrapper.cfbundle; includeInIndex = 0; path = "MHacks StockXTests.xctest"; sourceTree = BUILT_PRODUCTS_DIR; };
		4542058221718465009B69FA /* MHacks_StockXTests.swift */ = {isa = PBXFileReference; lastKnownFileType = sourcecode.swift; path = MHacks_StockXTests.swift; sourceTree = "<group>"; };
		4542058421718465009B69FA /* Info.plist */ = {isa = PBXFileReference; lastKnownFileType = text.plist.xml; path = Info.plist; sourceTree = "<group>"; };
		4542058921718465009B69FA /* MHacks StockXUITests.xctest */ = {isa = PBXFileReference; explicitFileType = wrapper.cfbundle; includeInIndex = 0; path = "MHacks StockXUITests.xctest"; sourceTree = BUILT_PRODUCTS_DIR; };
		4542058D21718465009B69FA /* MHacks_StockXUITests.swift */ = {isa = PBXFileReference; lastKnownFileType = sourcecode.swift; path = MHacks_StockXUITests.swift; sourceTree = "<group>"; };
		4542058F21718465009B69FA /* Info.plist */ = {isa = PBXFileReference; lastKnownFileType = text.plist.xml; path = Info.plist; sourceTree = "<group>"; };
		4FB17ED2564426F7805E5D87 /* Pods-MHacks StockXUITests.release.xcconfig */ = {isa = PBXFileReference; includeInIndex = 1; lastKnownFileType = text.xcconfig; name = "Pods-MHacks StockXUITests.release.xcconfig"; path = "Pods/Target Support Files/Pods-MHacks StockXUITests/Pods-MHacks StockXUITests.release.xcconfig"; sourceTree = "<group>"; };
		635C28276A705A902B74D224 /* Pods-MHacks StockXUITests.debug.xcconfig */ = {isa = PBXFileReference; includeInIndex = 1; lastKnownFileType = text.xcconfig; name = "Pods-MHacks StockXUITests.debug.xcconfig"; path = "Pods/Target Support Files/Pods-MHacks StockXUITests/Pods-MHacks StockXUITests.debug.xcconfig"; sourceTree = "<group>"; };
		924AEA8F9E677412DA8544E2 /* Pods_MHacks_StockXUITests.framework */ = {isa = PBXFileReference; explicitFileType = wrapper.framework; includeInIndex = 0; path = Pods_MHacks_StockXUITests.framework; sourceTree = BUILT_PRODUCTS_DIR; };
		929115E5EC02BB9147133B0B /* Pods-MHacks StockXTests.release.xcconfig */ = {isa = PBXFileReference; includeInIndex = 1; lastKnownFileType = text.xcconfig; name = "Pods-MHacks StockXTests.release.xcconfig"; path = "Pods/Target Support Files/Pods-MHacks StockXTests/Pods-MHacks StockXTests.release.xcconfig"; sourceTree = "<group>"; };
		9F589134881F021FE89B4C2A /* Pods-MHacks StockXTests.debug.xcconfig */ = {isa = PBXFileReference; includeInIndex = 1; lastKnownFileType = text.xcconfig; name = "Pods-MHacks StockXTests.debug.xcconfig"; path = "Pods/Target Support Files/Pods-MHacks StockXTests/Pods-MHacks StockXTests.debug.xcconfig"; sourceTree = "<group>"; };
		C702AD912172B41900A6A2A1 /* GoogleService-Info.plist */ = {isa = PBXFileReference; fileEncoding = 4; lastKnownFileType = text.plist.xml; path = "GoogleService-Info.plist"; sourceTree = "<group>"; };
		D3B922BACE5FF87E8505CBEA /* Pods-MHacks StockX.debug.xcconfig */ = {isa = PBXFileReference; includeInIndex = 1; lastKnownFileType = text.xcconfig; name = "Pods-MHacks StockX.debug.xcconfig"; path = "Pods/Target Support Files/Pods-MHacks StockX/Pods-MHacks StockX.debug.xcconfig"; sourceTree = "<group>"; };
		D57E7BE92171B4ED0044BC65 /* DataService.swift */ = {isa = PBXFileReference; lastKnownFileType = sourcecode.swift; path = DataService.swift; sourceTree = "<group>"; };
		D57E7BEB2171BE4A0044BC65 /* CategoryVC.swift */ = {isa = PBXFileReference; lastKnownFileType = sourcecode.swift; path = CategoryVC.swift; sourceTree = "<group>"; };
		D57E7BED2171BF1F0044BC65 /* CatVCCollectionCell.swift */ = {isa = PBXFileReference; lastKnownFileType = sourcecode.swift; path = CatVCCollectionCell.swift; sourceTree = "<group>"; };
		D57E7BEF2171C0900044BC65 /* Product.swift */ = {isa = PBXFileReference; lastKnownFileType = sourcecode.swift; path = Product.swift; sourceTree = "<group>"; };
		D57E7BF1217238270044BC65 /* AuctionVC.swift */ = {isa = PBXFileReference; lastKnownFileType = sourcecode.swift; path = AuctionVC.swift; sourceTree = "<group>"; };
		D57E7BF521724CC90044BC65 /* CircularProgressBar.swift */ = {isa = PBXFileReference; lastKnownFileType = sourcecode.swift; path = CircularProgressBar.swift; sourceTree = "<group>"; };
		D57E7BF7217256460044BC65 /* Config.swift */ = {isa = PBXFileReference; lastKnownFileType = sourcecode.swift; path = Config.swift; sourceTree = "<group>"; };
		D57E7BFD21728BBC0044BC65 /* SignInandSignUpViewController.swift */ = {isa = PBXFileReference; lastKnownFileType = sourcecode.swift; path = SignInandSignUpViewController.swift; sourceTree = "<group>"; };
		D57E7C012172B3D40044BC65 /* GoogleService-Info.plist */ = {isa = PBXFileReference; fileEncoding = 4; lastKnownFileType = text.plist.xml; path = "GoogleService-Info.plist"; sourceTree = "<group>"; };

		F5C13403224C1D59042B726B /* Pods-MHacks StockX.release.xcconfig */ = {isa = PBXFileReference; includeInIndex = 1; lastKnownFileType = text.xcconfig; name = "Pods-MHacks StockX.release.xcconfig"; path = "Pods/Target Support Files/Pods-MHacks StockX/Pods-MHacks StockX.release.xcconfig"; sourceTree = "<group>"; };
		FA81B6DD8B2C3292EDDD4F99 /* Pods_MHacks_StockXTests.framework */ = {isa = PBXFileReference; explicitFileType = wrapper.framework; includeInIndex = 0; path = Pods_MHacks_StockXTests.framework; sourceTree = BUILT_PRODUCTS_DIR; };
/* End PBXFileReference section */

/* Begin PBXFrameworksBuildPhase section */
		4542056421718462009B69FA /* Frameworks */ = {
			isa = PBXFrameworksBuildPhase;
			buildActionMask = 2147483647;
			files = (
				64434B87FC9CA3803352F3BF /* Pods_MHacks_StockX.framework in Frameworks */,
			);
			runOnlyForDeploymentPostprocessing = 0;
		};
		4542057B21718465009B69FA /* Frameworks */ = {
			isa = PBXFrameworksBuildPhase;
			buildActionMask = 2147483647;
			files = (
				9FBCBF071130CB4BD8FFE264 /* Pods_MHacks_StockXTests.framework in Frameworks */,
			);
			runOnlyForDeploymentPostprocessing = 0;
		};
		4542058621718465009B69FA /* Frameworks */ = {
			isa = PBXFrameworksBuildPhase;
			buildActionMask = 2147483647;
			files = (
				9E6A9CE1BA65C78946990885 /* Pods_MHacks_StockXUITests.framework in Frameworks */,
			);
			runOnlyForDeploymentPostprocessing = 0;
		};
/* End PBXFrameworksBuildPhase section */

/* Begin PBXGroup section */
		4542055E21718462009B69FA = {
			isa = PBXGroup;
			children = (
				4542056921718462009B69FA /* MHacks StockX */,
				4542058121718465009B69FA /* MHacks StockXTests */,
				4542058C21718465009B69FA /* MHacks StockXUITests */,
				4542056821718462009B69FA /* Products */,
				BCEC7375EF3DEAA2868E6A23 /* Pods */,
				712F54DEBBAE24BFD2C45F9B /* Frameworks */,
			);
			sourceTree = "<group>";
		};
		4542056821718462009B69FA /* Products */ = {
			isa = PBXGroup;
			children = (
				4542056721718462009B69FA /* MHacks StockX.app */,
				4542057E21718465009B69FA /* MHacks StockXTests.xctest */,
				4542058921718465009B69FA /* MHacks StockXUITests.xctest */,
			);
			name = Products;
			sourceTree = "<group>";
		};
		4542056921718462009B69FA /* MHacks StockX */ = {
			isa = PBXGroup;
			children = (
				D57E7BE82171B4CD0044BC65 /* Controllers */,
				D57E7BE62171B4BA0044BC65 /* Service */,
				D57E7BE52171B4B10044BC65 /* Model */,
				4542056A21718462009B69FA /* AppDelegate.swift */,
				D57E7C012172B3D40044BC65 /* GoogleService-Info.plist */,
				4542056E21718462009B69FA /* Main.storyboard */,
				C702AD912172B41900A6A2A1 /* GoogleService-Info.plist */,
				4542057421718465009B69FA /* Assets.xcassets */,
				4542057621718465009B69FA /* LaunchScreen.storyboard */,
				4542057921718465009B69FA /* Info.plist */,
				4542057121718462009B69FA /* MHacks_StockX.xcdatamodeld */,
			);
			path = "MHacks StockX";
			sourceTree = "<group>";
		};
		4542058121718465009B69FA /* MHacks StockXTests */ = {
			isa = PBXGroup;
			children = (
				4542058221718465009B69FA /* MHacks_StockXTests.swift */,
				4542058421718465009B69FA /* Info.plist */,
			);
			path = "MHacks StockXTests";
			sourceTree = "<group>";
		};
		4542058C21718465009B69FA /* MHacks StockXUITests */ = {
			isa = PBXGroup;
			children = (
				4542058D21718465009B69FA /* MHacks_StockXUITests.swift */,
				4542058F21718465009B69FA /* Info.plist */,
			);
			path = "MHacks StockXUITests";
			sourceTree = "<group>";
		};
		712F54DEBBAE24BFD2C45F9B /* Frameworks */ = {
			isa = PBXGroup;
			children = (
				2FAA4EC0CD1A265AE8234EE4 /* Pods_MHacks_StockX.framework */,
				FA81B6DD8B2C3292EDDD4F99 /* Pods_MHacks_StockXTests.framework */,
				924AEA8F9E677412DA8544E2 /* Pods_MHacks_StockXUITests.framework */,
			);
			name = Frameworks;
			sourceTree = "<group>";
		};
		BCEC7375EF3DEAA2868E6A23 /* Pods */ = {
			isa = PBXGroup;
			children = (
				D3B922BACE5FF87E8505CBEA /* Pods-MHacks StockX.debug.xcconfig */,
				F5C13403224C1D59042B726B /* Pods-MHacks StockX.release.xcconfig */,
				9F589134881F021FE89B4C2A /* Pods-MHacks StockXTests.debug.xcconfig */,
				929115E5EC02BB9147133B0B /* Pods-MHacks StockXTests.release.xcconfig */,
				635C28276A705A902B74D224 /* Pods-MHacks StockXUITests.debug.xcconfig */,
				4FB17ED2564426F7805E5D87 /* Pods-MHacks StockXUITests.release.xcconfig */,
			);
			name = Pods;
			sourceTree = "<group>";
		};
		D57E7BE52171B4B10044BC65 /* Model */ = {
			isa = PBXGroup;
			children = (
				D57E7BED2171BF1F0044BC65 /* CatVCCollectionCell.swift */,
				D57E7BEF2171C0900044BC65 /* Product.swift */,
				D57E7BF521724CC90044BC65 /* CircularProgressBar.swift */,
				D57E7BF7217256460044BC65 /* Config.swift */,
			);
			path = Model;
			sourceTree = "<group>";
		};
		D57E7BE62171B4BA0044BC65 /* Service */ = {
			isa = PBXGroup;
			children = (
				D57E7BE92171B4ED0044BC65 /* DataService.swift */,
			);
			path = Service;
			sourceTree = "<group>";
		};
		D57E7BE82171B4CD0044BC65 /* Controllers */ = {
			isa = PBXGroup;
			children = (
				D57E7BEB2171BE4A0044BC65 /* CategoryVC.swift */,
				D57E7BFD21728BBC0044BC65 /* SignInandSignUpViewController.swift */,
				D57E7BF1217238270044BC65 /* AuctionVC.swift */,
			);
			path = Controllers;
			sourceTree = "<group>";
		};
/* End PBXGroup section */

/* Begin PBXNativeTarget section */
		4542056621718462009B69FA /* MHacks StockX */ = {
			isa = PBXNativeTarget;
			buildConfigurationList = 4542059221718465009B69FA /* Build configuration list for PBXNativeTarget "MHacks StockX" */;
			buildPhases = (
				74087E25EAA41303B342C42C /* [CP] Check Pods Manifest.lock */,
				4542056321718462009B69FA /* Sources */,
				4542056421718462009B69FA /* Frameworks */,
				4542056521718462009B69FA /* Resources */,
				C33A6BA57CCED6CEC8BE229B /* [CP] Embed Pods Frameworks */,
			);
			buildRules = (
			);
			dependencies = (
			);
			name = "MHacks StockX";
			productName = "MHacks StockX";
			productReference = 4542056721718462009B69FA /* MHacks StockX.app */;
			productType = "com.apple.product-type.application";
		};
		4542057D21718465009B69FA /* MHacks StockXTests */ = {
			isa = PBXNativeTarget;
			buildConfigurationList = 4542059521718465009B69FA /* Build configuration list for PBXNativeTarget "MHacks StockXTests" */;
			buildPhases = (
				49A86BB085F69AA31B3E7BC6 /* [CP] Check Pods Manifest.lock */,
				4542057A21718465009B69FA /* Sources */,
				4542057B21718465009B69FA /* Frameworks */,
				4542057C21718465009B69FA /* Resources */,
			);
			buildRules = (
			);
			dependencies = (
				4542058021718465009B69FA /* PBXTargetDependency */,
			);
			name = "MHacks StockXTests";
			productName = "MHacks StockXTests";
			productReference = 4542057E21718465009B69FA /* MHacks StockXTests.xctest */;
			productType = "com.apple.product-type.bundle.unit-test";
		};
		4542058821718465009B69FA /* MHacks StockXUITests */ = {
			isa = PBXNativeTarget;
			buildConfigurationList = 4542059821718465009B69FA /* Build configuration list for PBXNativeTarget "MHacks StockXUITests" */;
			buildPhases = (
				C6E890CAE57DA3C7B8340CBE /* [CP] Check Pods Manifest.lock */,
				4542058521718465009B69FA /* Sources */,
				4542058621718465009B69FA /* Frameworks */,
				4542058721718465009B69FA /* Resources */,
			);
			buildRules = (
			);
			dependencies = (
				4542058B21718465009B69FA /* PBXTargetDependency */,
			);
			name = "MHacks StockXUITests";
			productName = "MHacks StockXUITests";
			productReference = 4542058921718465009B69FA /* MHacks StockXUITests.xctest */;
			productType = "com.apple.product-type.bundle.ui-testing";
		};
/* End PBXNativeTarget section */

/* Begin PBXProject section */
		4542055F21718462009B69FA /* Project object */ = {
			isa = PBXProject;
			attributes = {
				LastSwiftUpdateCheck = 1000;
				LastUpgradeCheck = 1000;
				ORGANIZATIONNAME = "Malik Arachiche";
				TargetAttributes = {
					4542056621718462009B69FA = {
						CreatedOnToolsVersion = 10.0;
					};
					4542057D21718465009B69FA = {
						CreatedOnToolsVersion = 10.0;
						TestTargetID = 4542056621718462009B69FA;
					};
					4542058821718465009B69FA = {
						CreatedOnToolsVersion = 10.0;
						TestTargetID = 4542056621718462009B69FA;
					};
				};
			};
			buildConfigurationList = 4542056221718462009B69FA /* Build configuration list for PBXProject "MHacks StockX" */;
			compatibilityVersion = "Xcode 9.3";
			developmentRegion = en;
			hasScannedForEncodings = 0;
			knownRegions = (
				en,
				Base,
			);
			mainGroup = 4542055E21718462009B69FA;
			productRefGroup = 4542056821718462009B69FA /* Products */;
			projectDirPath = "";
			projectRoot = "";
			targets = (
				4542056621718462009B69FA /* MHacks StockX */,
				4542057D21718465009B69FA /* MHacks StockXTests */,
				4542058821718465009B69FA /* MHacks StockXUITests */,
			);
		};
/* End PBXProject section */

/* Begin PBXResourcesBuildPhase section */
		4542056521718462009B69FA /* Resources */ = {
			isa = PBXResourcesBuildPhase;
			buildActionMask = 2147483647;
			files = (
				4542057821718465009B69FA /* LaunchScreen.storyboard in Resources */,

				D57E7C022172B3D40044BC65 /* GoogleService-Info.plist in Resources */,

				4542057521718465009B69FA /* Assets.xcassets in Resources */,
				4542057021718462009B69FA /* Main.storyboard in Resources */,
			);
			runOnlyForDeploymentPostprocessing = 0;
		};
		4542057C21718465009B69FA /* Resources */ = {
			isa = PBXResourcesBuildPhase;
			buildActionMask = 2147483647;
			files = (
			);
			runOnlyForDeploymentPostprocessing = 0;
		};
		4542058721718465009B69FA /* Resources */ = {
			isa = PBXResourcesBuildPhase;
			buildActionMask = 2147483647;
			files = (
			);
			runOnlyForDeploymentPostprocessing = 0;
		};
/* End PBXResourcesBuildPhase section */

/* Begin PBXShellScriptBuildPhase section */
		49A86BB085F69AA31B3E7BC6 /* [CP] Check Pods Manifest.lock */ = {
			isa = PBXShellScriptBuildPhase;
			buildActionMask = 2147483647;
			files = (
			);
			inputFileListPaths = (
			);
			inputPaths = (
				"${PODS_PODFILE_DIR_PATH}/Podfile.lock",
				"${PODS_ROOT}/Manifest.lock",
			);
			name = "[CP] Check Pods Manifest.lock";
			outputFileListPaths = (
			);
			outputPaths = (
				"$(DERIVED_FILE_DIR)/Pods-MHacks StockXTests-checkManifestLockResult.txt",
			);
			runOnlyForDeploymentPostprocessing = 0;
			shellPath = /bin/sh;
			shellScript = "diff \"${PODS_PODFILE_DIR_PATH}/Podfile.lock\" \"${PODS_ROOT}/Manifest.lock\" > /dev/null\nif [ $? != 0 ] ; then\n    # print error to STDERR\n    echo \"error: The sandbox is not in sync with the Podfile.lock. Run 'pod install' or update your CocoaPods installation.\" >&2\n    exit 1\nfi\n# This output is used by Xcode 'outputs' to avoid re-running this script phase.\necho \"SUCCESS\" > \"${SCRIPT_OUTPUT_FILE_0}\"\n";
			showEnvVarsInLog = 0;
		};
		74087E25EAA41303B342C42C /* [CP] Check Pods Manifest.lock */ = {
			isa = PBXShellScriptBuildPhase;
			buildActionMask = 2147483647;
			files = (
			);
			inputFileListPaths = (
			);
			inputPaths = (
				"${PODS_PODFILE_DIR_PATH}/Podfile.lock",
				"${PODS_ROOT}/Manifest.lock",
			);
			name = "[CP] Check Pods Manifest.lock";
			outputFileListPaths = (
			);
			outputPaths = (
				"$(DERIVED_FILE_DIR)/Pods-MHacks StockX-checkManifestLockResult.txt",
			);
			runOnlyForDeploymentPostprocessing = 0;
			shellPath = /bin/sh;
			shellScript = "diff \"${PODS_PODFILE_DIR_PATH}/Podfile.lock\" \"${PODS_ROOT}/Manifest.lock\" > /dev/null\nif [ $? != 0 ] ; then\n    # print error to STDERR\n    echo \"error: The sandbox is not in sync with the Podfile.lock. Run 'pod install' or update your CocoaPods installation.\" >&2\n    exit 1\nfi\n# This output is used by Xcode 'outputs' to avoid re-running this script phase.\necho \"SUCCESS\" > \"${SCRIPT_OUTPUT_FILE_0}\"\n";
			showEnvVarsInLog = 0;
		};
		C33A6BA57CCED6CEC8BE229B /* [CP] Embed Pods Frameworks */ = {
			isa = PBXShellScriptBuildPhase;
			buildActionMask = 2147483647;
			files = (
			);
			inputFileListPaths = (
			);
			inputPaths = (
				"${SRCROOT}/Pods/Target Support Files/Pods-MHacks StockX/Pods-MHacks StockX-frameworks.sh",
				"${BUILT_PRODUCTS_DIR}/Alamofire/Alamofire.framework",
				"${BUILT_PRODUCTS_DIR}/DropDown/DropDown.framework",
				"${BUILT_PRODUCTS_DIR}/GTMSessionFetcher/GTMSessionFetcher.framework",
				"${BUILT_PRODUCTS_DIR}/GoogleToolboxForMac/GoogleToolboxForMac.framework",
				"${BUILT_PRODUCTS_DIR}/SwiftyJSON/SwiftyJSON.framework",
				"${BUILT_PRODUCTS_DIR}/SwiftyUUID/SwiftyUUID.framework",
				"${BUILT_PRODUCTS_DIR}/leveldb-library/leveldb.framework",
				"${BUILT_PRODUCTS_DIR}/nanopb/nanopb.framework",
			);
			name = "[CP] Embed Pods Frameworks";
			outputFileListPaths = (
			);
			outputPaths = (
				"${TARGET_BUILD_DIR}/${FRAMEWORKS_FOLDER_PATH}/Alamofire.framework",
				"${TARGET_BUILD_DIR}/${FRAMEWORKS_FOLDER_PATH}/DropDown.framework",
				"${TARGET_BUILD_DIR}/${FRAMEWORKS_FOLDER_PATH}/GTMSessionFetcher.framework",
				"${TARGET_BUILD_DIR}/${FRAMEWORKS_FOLDER_PATH}/GoogleToolboxForMac.framework",
				"${TARGET_BUILD_DIR}/${FRAMEWORKS_FOLDER_PATH}/SwiftyJSON.framework",
				"${TARGET_BUILD_DIR}/${FRAMEWORKS_FOLDER_PATH}/SwiftyUUID.framework",
				"${TARGET_BUILD_DIR}/${FRAMEWORKS_FOLDER_PATH}/leveldb.framework",
				"${TARGET_BUILD_DIR}/${FRAMEWORKS_FOLDER_PATH}/nanopb.framework",
			);
			runOnlyForDeploymentPostprocessing = 0;
			shellPath = /bin/sh;
			shellScript = "\"${SRCROOT}/Pods/Target Support Files/Pods-MHacks StockX/Pods-MHacks StockX-frameworks.sh\"\n";
			showEnvVarsInLog = 0;
		};
		C6E890CAE57DA3C7B8340CBE /* [CP] Check Pods Manifest.lock */ = {
			isa = PBXShellScriptBuildPhase;
			buildActionMask = 2147483647;
			files = (
			);
			inputFileListPaths = (
			);
			inputPaths = (
				"${PODS_PODFILE_DIR_PATH}/Podfile.lock",
				"${PODS_ROOT}/Manifest.lock",
			);
			name = "[CP] Check Pods Manifest.lock";
			outputFileListPaths = (
			);
			outputPaths = (
				"$(DERIVED_FILE_DIR)/Pods-MHacks StockXUITests-checkManifestLockResult.txt",
			);
			runOnlyForDeploymentPostprocessing = 0;
			shellPath = /bin/sh;
			shellScript = "diff \"${PODS_PODFILE_DIR_PATH}/Podfile.lock\" \"${PODS_ROOT}/Manifest.lock\" > /dev/null\nif [ $? != 0 ] ; then\n    # print error to STDERR\n    echo \"error: The sandbox is not in sync with the Podfile.lock. Run 'pod install' or update your CocoaPods installation.\" >&2\n    exit 1\nfi\n# This output is used by Xcode 'outputs' to avoid re-running this script phase.\necho \"SUCCESS\" > \"${SCRIPT_OUTPUT_FILE_0}\"\n";
			showEnvVarsInLog = 0;
		};
/* End PBXShellScriptBuildPhase section */

/* Begin PBXSourcesBuildPhase section */
		4542056321718462009B69FA /* Sources */ = {
			isa = PBXSourcesBuildPhase;
			buildActionMask = 2147483647;
			files = (
				D57E7BEC2171BE4A0044BC65 /* CategoryVC.swift in Sources */,
				4542057321718462009B69FA /* MHacks_StockX.xcdatamodeld in Sources */,
				D57E7BEE2171BF1F0044BC65 /* CatVCCollectionCell.swift in Sources */,
				4542056B21718462009B69FA /* AppDelegate.swift in Sources */,
				D57E7BFE21728BBC0044BC65 /* SignInandSignUpViewController.swift in Sources */,
				D57E7BEA2171B4ED0044BC65 /* DataService.swift in Sources */,
				D57E7BF2217238270044BC65 /* AuctionVC.swift in Sources */,
				D57E7BF8217256460044BC65 /* Config.swift in Sources */,
				D57E7BF621724CC90044BC65 /* CircularProgressBar.swift in Sources */,
				D57E7BF02171C0900044BC65 /* Product.swift in Sources */,
			);
			runOnlyForDeploymentPostprocessing = 0;
		};
		4542057A21718465009B69FA /* Sources */ = {
			isa = PBXSourcesBuildPhase;
			buildActionMask = 2147483647;
			files = (
				4542058321718465009B69FA /* MHacks_StockXTests.swift in Sources */,
			);
			runOnlyForDeploymentPostprocessing = 0;
		};
		4542058521718465009B69FA /* Sources */ = {
			isa = PBXSourcesBuildPhase;
			buildActionMask = 2147483647;
			files = (
				4542058E21718465009B69FA /* MHacks_StockXUITests.swift in Sources */,
			);
			runOnlyForDeploymentPostprocessing = 0;
		};
/* End PBXSourcesBuildPhase section */

/* Begin PBXTargetDependency section */
		4542058021718465009B69FA /* PBXTargetDependency */ = {
			isa = PBXTargetDependency;
			target = 4542056621718462009B69FA /* MHacks StockX */;
			targetProxy = 4542057F21718465009B69FA /* PBXContainerItemProxy */;
		};
		4542058B21718465009B69FA /* PBXTargetDependency */ = {
			isa = PBXTargetDependency;
			target = 4542056621718462009B69FA /* MHacks StockX */;
			targetProxy = 4542058A21718465009B69FA /* PBXContainerItemProxy */;
		};
/* End PBXTargetDependency section */

/* Begin PBXVariantGroup section */
		4542056E21718462009B69FA /* Main.storyboard */ = {
			isa = PBXVariantGroup;
			children = (
				4542056F21718462009B69FA /* Base */,
			);
			name = Main.storyboard;
			sourceTree = "<group>";
		};
		4542057621718465009B69FA /* LaunchScreen.storyboard */ = {
			isa = PBXVariantGroup;
			children = (
				4542057721718465009B69FA /* Base */,
			);
			name = LaunchScreen.storyboard;
			sourceTree = "<group>";
		};
/* End PBXVariantGroup section */

/* Begin XCBuildConfiguration section */
		4542059021718465009B69FA /* Debug */ = {
			isa = XCBuildConfiguration;
			buildSettings = {
				ALWAYS_SEARCH_USER_PATHS = NO;
				CLANG_ANALYZER_NONNULL = YES;
				CLANG_ANALYZER_NUMBER_OBJECT_CONVERSION = YES_AGGRESSIVE;
				CLANG_CXX_LANGUAGE_STANDARD = "gnu++14";
				CLANG_CXX_LIBRARY = "libc++";
				CLANG_ENABLE_MODULES = YES;
				CLANG_ENABLE_OBJC_ARC = YES;
				CLANG_ENABLE_OBJC_WEAK = YES;
				CLANG_WARN_BLOCK_CAPTURE_AUTORELEASING = YES;
				CLANG_WARN_BOOL_CONVERSION = YES;
				CLANG_WARN_COMMA = YES;
				CLANG_WARN_CONSTANT_CONVERSION = YES;
				CLANG_WARN_DEPRECATED_OBJC_IMPLEMENTATIONS = YES;
				CLANG_WARN_DIRECT_OBJC_ISA_USAGE = YES_ERROR;
				CLANG_WARN_DOCUMENTATION_COMMENTS = YES;
				CLANG_WARN_EMPTY_BODY = YES;
				CLANG_WARN_ENUM_CONVERSION = YES;
				CLANG_WARN_INFINITE_RECURSION = YES;
				CLANG_WARN_INT_CONVERSION = YES;
				CLANG_WARN_NON_LITERAL_NULL_CONVERSION = YES;
				CLANG_WARN_OBJC_IMPLICIT_RETAIN_SELF = YES;
				CLANG_WARN_OBJC_LITERAL_CONVERSION = YES;
				CLANG_WARN_OBJC_ROOT_CLASS = YES_ERROR;
				CLANG_WARN_RANGE_LOOP_ANALYSIS = YES;
				CLANG_WARN_STRICT_PROTOTYPES = YES;
				CLANG_WARN_SUSPICIOUS_MOVE = YES;
				CLANG_WARN_UNGUARDED_AVAILABILITY = YES_AGGRESSIVE;
				CLANG_WARN_UNREACHABLE_CODE = YES;
				CLANG_WARN__DUPLICATE_METHOD_MATCH = YES;
				CODE_SIGN_IDENTITY = "iPhone Developer";
				COPY_PHASE_STRIP = NO;
				DEBUG_INFORMATION_FORMAT = dwarf;
				ENABLE_STRICT_OBJC_MSGSEND = YES;
				ENABLE_TESTABILITY = YES;
				GCC_C_LANGUAGE_STANDARD = gnu11;
				GCC_DYNAMIC_NO_PIC = NO;
				GCC_NO_COMMON_BLOCKS = YES;
				GCC_OPTIMIZATION_LEVEL = 0;
				GCC_PREPROCESSOR_DEFINITIONS = (
					"DEBUG=1",
					"$(inherited)",
				);
				GCC_WARN_64_TO_32_BIT_CONVERSION = YES;
				GCC_WARN_ABOUT_RETURN_TYPE = YES_ERROR;
				GCC_WARN_UNDECLARED_SELECTOR = YES;
				GCC_WARN_UNINITIALIZED_AUTOS = YES_AGGRESSIVE;
				GCC_WARN_UNUSED_FUNCTION = YES;
				GCC_WARN_UNUSED_VARIABLE = YES;
				IPHONEOS_DEPLOYMENT_TARGET = 12.0;
				MTL_ENABLE_DEBUG_INFO = INCLUDE_SOURCE;
				MTL_FAST_MATH = YES;
				ONLY_ACTIVE_ARCH = YES;
				SDKROOT = iphoneos;
				SWIFT_ACTIVE_COMPILATION_CONDITIONS = DEBUG;
				SWIFT_OPTIMIZATION_LEVEL = "-Onone";
			};
			name = Debug;
		};
		4542059121718465009B69FA /* Release */ = {
			isa = XCBuildConfiguration;
			buildSettings = {
				ALWAYS_SEARCH_USER_PATHS = NO;
				CLANG_ANALYZER_NONNULL = YES;
				CLANG_ANALYZER_NUMBER_OBJECT_CONVERSION = YES_AGGRESSIVE;
				CLANG_CXX_LANGUAGE_STANDARD = "gnu++14";
				CLANG_CXX_LIBRARY = "libc++";
				CLANG_ENABLE_MODULES = YES;
				CLANG_ENABLE_OBJC_ARC = YES;
				CLANG_ENABLE_OBJC_WEAK = YES;
				CLANG_WARN_BLOCK_CAPTURE_AUTORELEASING = YES;
				CLANG_WARN_BOOL_CONVERSION = YES;
				CLANG_WARN_COMMA = YES;
				CLANG_WARN_CONSTANT_CONVERSION = YES;
				CLANG_WARN_DEPRECATED_OBJC_IMPLEMENTATIONS = YES;
				CLANG_WARN_DIRECT_OBJC_ISA_USAGE = YES_ERROR;
				CLANG_WARN_DOCUMENTATION_COMMENTS = YES;
				CLANG_WARN_EMPTY_BODY = YES;
				CLANG_WARN_ENUM_CONVERSION = YES;
				CLANG_WARN_INFINITE_RECURSION = YES;
				CLANG_WARN_INT_CONVERSION = YES;
				CLANG_WARN_NON_LITERAL_NULL_CONVERSION = YES;
				CLANG_WARN_OBJC_IMPLICIT_RETAIN_SELF = YES;
				CLANG_WARN_OBJC_LITERAL_CONVERSION = YES;
				CLANG_WARN_OBJC_ROOT_CLASS = YES_ERROR;
				CLANG_WARN_RANGE_LOOP_ANALYSIS = YES;
				CLANG_WARN_STRICT_PROTOTYPES = YES;
				CLANG_WARN_SUSPICIOUS_MOVE = YES;
				CLANG_WARN_UNGUARDED_AVAILABILITY = YES_AGGRESSIVE;
				CLANG_WARN_UNREACHABLE_CODE = YES;
				CLANG_WARN__DUPLICATE_METHOD_MATCH = YES;
				CODE_SIGN_IDENTITY = "iPhone Developer";
				COPY_PHASE_STRIP = NO;
				DEBUG_INFORMATION_FORMAT = "dwarf-with-dsym";
				ENABLE_NS_ASSERTIONS = NO;
				ENABLE_STRICT_OBJC_MSGSEND = YES;
				GCC_C_LANGUAGE_STANDARD = gnu11;
				GCC_NO_COMMON_BLOCKS = YES;
				GCC_WARN_64_TO_32_BIT_CONVERSION = YES;
				GCC_WARN_ABOUT_RETURN_TYPE = YES_ERROR;
				GCC_WARN_UNDECLARED_SELECTOR = YES;
				GCC_WARN_UNINITIALIZED_AUTOS = YES_AGGRESSIVE;
				GCC_WARN_UNUSED_FUNCTION = YES;
				GCC_WARN_UNUSED_VARIABLE = YES;
				IPHONEOS_DEPLOYMENT_TARGET = 12.0;
				MTL_ENABLE_DEBUG_INFO = NO;
				MTL_FAST_MATH = YES;
				SDKROOT = iphoneos;
				SWIFT_COMPILATION_MODE = wholemodule;
				SWIFT_OPTIMIZATION_LEVEL = "-O";
				VALIDATE_PRODUCT = YES;
			};
			name = Release;
		};
		4542059321718465009B69FA /* Debug */ = {
			isa = XCBuildConfiguration;
			baseConfigurationReference = D3B922BACE5FF87E8505CBEA /* Pods-MHacks StockX.debug.xcconfig */;
			buildSettings = {
				ASSETCATALOG_COMPILER_APPICON_NAME = AppIcon;
				CODE_SIGN_STYLE = Automatic;
				DEVELOPMENT_TEAM = J58Z9KE9X9;
				INFOPLIST_FILE = "MHacks StockX/Info.plist";
				LD_RUNPATH_SEARCH_PATHS = (
					"$(inherited)",
					"@executable_path/Frameworks",
				);
				PRODUCT_BUNDLE_IDENTIFIER = "com.MalikArachiche.MHacks-StockX";
				PRODUCT_NAME = "$(TARGET_NAME)";
				SWIFT_VERSION = 4.2;
				TARGETED_DEVICE_FAMILY = "1,2";
			};
			name = Debug;
		};
		4542059421718465009B69FA /* Release */ = {
			isa = XCBuildConfiguration;
			baseConfigurationReference = F5C13403224C1D59042B726B /* Pods-MHacks StockX.release.xcconfig */;
			buildSettings = {
				ASSETCATALOG_COMPILER_APPICON_NAME = AppIcon;
				CODE_SIGN_STYLE = Automatic;
				DEVELOPMENT_TEAM = J58Z9KE9X9;
				INFOPLIST_FILE = "MHacks StockX/Info.plist";
				LD_RUNPATH_SEARCH_PATHS = (
					"$(inherited)",
					"@executable_path/Frameworks",
				);
				PRODUCT_BUNDLE_IDENTIFIER = "com.MalikArachiche.MHacks-StockX";
				PRODUCT_NAME = "$(TARGET_NAME)";
				SWIFT_VERSION = 4.2;
				TARGETED_DEVICE_FAMILY = "1,2";
			};
			name = Release;
		};
		4542059621718465009B69FA /* Debug */ = {
			isa = XCBuildConfiguration;
			baseConfigurationReference = 9F589134881F021FE89B4C2A /* Pods-MHacks StockXTests.debug.xcconfig */;
			buildSettings = {
				ALWAYS_EMBED_SWIFT_STANDARD_LIBRARIES = YES;
				BUNDLE_LOADER = "$(TEST_HOST)";
				CODE_SIGN_STYLE = Automatic;
				DEVELOPMENT_TEAM = SZ2SY9L2LM;
				INFOPLIST_FILE = "MHacks StockXTests/Info.plist";
				LD_RUNPATH_SEARCH_PATHS = (
					"$(inherited)",
					"@executable_path/Frameworks",
					"@loader_path/Frameworks",
				);
				PRODUCT_BUNDLE_IDENTIFIER = "com.MalikArachiche.MHacks-StockXTests";
				PRODUCT_NAME = "$(TARGET_NAME)";
				SWIFT_VERSION = 4.2;
				TARGETED_DEVICE_FAMILY = "1,2";
				TEST_HOST = "$(BUILT_PRODUCTS_DIR)/MHacks StockX.app/MHacks StockX";
			};
			name = Debug;
		};
		4542059721718465009B69FA /* Release */ = {
			isa = XCBuildConfiguration;
			baseConfigurationReference = 929115E5EC02BB9147133B0B /* Pods-MHacks StockXTests.release.xcconfig */;
			buildSettings = {
				ALWAYS_EMBED_SWIFT_STANDARD_LIBRARIES = YES;
				BUNDLE_LOADER = "$(TEST_HOST)";
				CODE_SIGN_STYLE = Automatic;
				DEVELOPMENT_TEAM = SZ2SY9L2LM;
				INFOPLIST_FILE = "MHacks StockXTests/Info.plist";
				LD_RUNPATH_SEARCH_PATHS = (
					"$(inherited)",
					"@executable_path/Frameworks",
					"@loader_path/Frameworks",
				);
				PRODUCT_BUNDLE_IDENTIFIER = "com.MalikArachiche.MHacks-StockXTests";
				PRODUCT_NAME = "$(TARGET_NAME)";
				SWIFT_VERSION = 4.2;
				TARGETED_DEVICE_FAMILY = "1,2";
				TEST_HOST = "$(BUILT_PRODUCTS_DIR)/MHacks StockX.app/MHacks StockX";
			};
			name = Release;
		};
		4542059921718465009B69FA /* Debug */ = {
			isa = XCBuildConfiguration;
			baseConfigurationReference = 635C28276A705A902B74D224 /* Pods-MHacks StockXUITests.debug.xcconfig */;
			buildSettings = {
				ALWAYS_EMBED_SWIFT_STANDARD_LIBRARIES = YES;
				CODE_SIGN_STYLE = Automatic;
				DEVELOPMENT_TEAM = SZ2SY9L2LM;
				INFOPLIST_FILE = "MHacks StockXUITests/Info.plist";
				LD_RUNPATH_SEARCH_PATHS = (
					"$(inherited)",
					"@executable_path/Frameworks",
					"@loader_path/Frameworks",
				);
				PRODUCT_BUNDLE_IDENTIFIER = "com.MalikArachiche.MHacks-StockXUITests";
				PRODUCT_NAME = "$(TARGET_NAME)";
				SWIFT_VERSION = 4.2;
				TARGETED_DEVICE_FAMILY = "1,2";
				TEST_TARGET_NAME = "MHacks StockX";
			};
			name = Debug;
		};
		4542059A21718465009B69FA /* Release */ = {
			isa = XCBuildConfiguration;
			baseConfigurationReference = 4FB17ED2564426F7805E5D87 /* Pods-MHacks StockXUITests.release.xcconfig */;
			buildSettings = {
				ALWAYS_EMBED_SWIFT_STANDARD_LIBRARIES = YES;
				CODE_SIGN_STYLE = Automatic;
				DEVELOPMENT_TEAM = SZ2SY9L2LM;
				INFOPLIST_FILE = "MHacks StockXUITests/Info.plist";
				LD_RUNPATH_SEARCH_PATHS = (
					"$(inherited)",
					"@executable_path/Frameworks",
					"@loader_path/Frameworks",
				);
				PRODUCT_BUNDLE_IDENTIFIER = "com.MalikArachiche.MHacks-StockXUITests";
				PRODUCT_NAME = "$(TARGET_NAME)";
				SWIFT_VERSION = 4.2;
				TARGETED_DEVICE_FAMILY = "1,2";
				TEST_TARGET_NAME = "MHacks StockX";
			};
			name = Release;
		};
/* End XCBuildConfiguration section */

/* Begin XCConfigurationList section */
		4542056221718462009B69FA /* Build configuration list for PBXProject "MHacks StockX" */ = {
			isa = XCConfigurationList;
			buildConfigurations = (
				4542059021718465009B69FA /* Debug */,
				4542059121718465009B69FA /* Release */,
			);
			defaultConfigurationIsVisible = 0;
			defaultConfigurationName = Release;
		};
		4542059221718465009B69FA /* Build configuration list for PBXNativeTarget "MHacks StockX" */ = {
			isa = XCConfigurationList;
			buildConfigurations = (
				4542059321718465009B69FA /* Debug */,
				4542059421718465009B69FA /* Release */,
			);
			defaultConfigurationIsVisible = 0;
			defaultConfigurationName = Release;
		};
		4542059521718465009B69FA /* Build configuration list for PBXNativeTarget "MHacks StockXTests" */ = {
			isa = XCConfigurationList;
			buildConfigurations = (
				4542059621718465009B69FA /* Debug */,
				4542059721718465009B69FA /* Release */,
			);
			defaultConfigurationIsVisible = 0;
			defaultConfigurationName = Release;
		};
		4542059821718465009B69FA /* Build configuration list for PBXNativeTarget "MHacks StockXUITests" */ = {
			isa = XCConfigurationList;
			buildConfigurations = (
				4542059921718465009B69FA /* Debug */,
				4542059A21718465009B69FA /* Release */,
			);
			defaultConfigurationIsVisible = 0;
			defaultConfigurationName = Release;
		};
/* End XCConfigurationList section */

/* Begin XCVersionGroup section */
		4542057121718462009B69FA /* MHacks_StockX.xcdatamodeld */ = {
			isa = XCVersionGroup;
			children = (
				4542057221718462009B69FA /* MHacks_StockX.xcdatamodel */,
			);
			currentVersion = 4542057221718462009B69FA /* MHacks_StockX.xcdatamodel */;
			path = MHacks_StockX.xcdatamodeld;
			sourceTree = "<group>";
			versionGroupType = wrapper.xcdatamodel;
		};
/* End XCVersionGroup section */
	};
	rootObject = 4542055F21718462009B69FA /* Project object */;
}
